
Microsoft Visual Studio Solution File, Format Version 12.00
# Visual Studio 15
VisualStudioVersion = 15.0.27004.2010
MinimumVisualStudioVersion = 10.0.40219.1
Project("{9A19103F-16F7-4668-BE54-9A1E7A4F7556}") = "MafDiBot", "MafDiBot\MafDiBot.csproj", "{AEE013D0-CF16-44F2-BF94-11582999F89D}"
EndProject
Global
	GlobalSection(SolutionConfigurationPlatforms) = preSolution
		Debug|Any CPU = Debug|Any CPU
		Release|Any CPU = Release|Any CPU
	EndGlobalSection
	GlobalSection(ProjectConfigurationPlatforms) = postSolution
		{AEE013D0-CF16-44F2-BF94-11582999F89D}.Debug|Any CPU.ActiveCfg = Debug|Any CPU
		{AEE013D0-CF16-44F2-BF94-11582999F89D}.Debug|Any CPU.Build.0 = Debug|Any CPU
		{AEE013D0-CF16-44F2-BF94-11582999F89D}.Release|Any CPU.ActiveCfg = Release|Any CPU
		{AEE013D0-CF16-44F2-BF94-11582999F89D}.Release|Any CPU.Build.0 = Release|Any CPU
	EndGlobalSection
	GlobalSection(SolutionProperties) = preSolution
		HideSolutionNode = FALSE
	EndGlobalSection
	GlobalSection(ExtensibilityGlobals) = postSolution
		SolutionGuid = {F0DEB0AB-8FAB-41D3-9C5B-B0FDA348C1EC}
	EndGlobalSection
EndGlobal
